
Microsoft Visual Studio Solution File, Format Version 12.00
# Visual Studio Version 17
VisualStudioVersion = 17.7.34024.191
MinimumVisualStudioVersion = 10.0.40219.1
Project("{2150E333-8FDC-42A3-9474-1A3956D46DE8}") = "src", "src", "{927265B5-EB16-442A-8E33-D72E16E3FBCC}"
EndProject
Project("{2150E333-8FDC-42A3-9474-1A3956D46DE8}") = "01-Domain", "01-Domain", "{C93CFD05-9226-4854-953E-0A619E22F172}"
EndProject
Project("{2150E333-8FDC-42A3-9474-1A3956D46DE8}") = "02-Infrastructure", "02-Infrastructure", "{7ABD6EBB-0F19-40A9-A69B-9A6B9C35B422}"
EndProject
Project("{2150E333-8FDC-42A3-9474-1A3956D46DE8}") = "03-Endpoints", "03-Endpoints", "{FC8F7595-8C42-473B-BC83-4042841400E5}"
EndProject
Project("{2150E333-8FDC-42A3-9474-1A3956D46DE8}") = "Core", "Core", "{D883BA4A-BC35-42A9-99BC-1D1257502AAD}"
EndProject
Project("{2150E333-8FDC-42A3-9474-1A3956D46DE8}") = "Services", "Services", "{A634FA5F-AEE3-492E-BDB8-9571B2C177B1}"
EndProject
Project("{2150E333-8FDC-42A3-9474-1A3956D46DE8}") = "Db", "Db", "{AFD1BF42-5C02-45B0-8E4C-667F00F002AC}"
EndProject
Project("{2150E333-8FDC-42A3-9474-1A3956D46DE8}") = "DbAccess", "DbAccess", "{C5956EBA-2E31-4253-945A-212A9F1D9545}"
EndProject
Project("{9A19103F-16F7-4668-BE54-9A1E7A4F7556}") = "App.Domain.Core", "App.Domain.Core\App.Domain.Core.csproj", "{ADEC2DD4-2AFB-4E77-9E0C-B68A00DC987D}"
EndProject
Project("{9A19103F-16F7-4668-BE54-9A1E7A4F7556}") = "App.Domain.AppServices", "App.Domain.AppServices\App.Domain.AppServices.csproj", "{B4D68746-CB93-4121-92FF-12C19DEE8A36}"
EndProject
Project("{9A19103F-16F7-4668-BE54-9A1E7A4F7556}") = "App.Domain.Services", "App.Domain.Services\App.Domain.Services.csproj", "{9A0C04DF-BF41-4029-B6CF-43BD162171DF}"
EndProject
Project("{9A19103F-16F7-4668-BE54-9A1E7A4F7556}") = "App.Infra.Data.Repos.EF", "App.Infra.Data.Repos.EF\App.Infra.Data.Repos.EF.csproj", "{00613CAC-790E-4BF3-8A5F-8AFD42209CEF}"
EndProject
Project("{9A19103F-16F7-4668-BE54-9A1E7A4F7556}") = "App.Infra.Data.SqlServer.EF", "App.Infra.Data.SqlServer.EF\App.Infra.Data.SqlServer.EF.csproj", "{6F9FA43C-3D56-44FB-A0FC-61D43B02E5B1}"
EndProject
Project("{9A19103F-16F7-4668-BE54-9A1E7A4F7556}") = "App.Endpoints.RazorPages.UI", "App.Endpoints.RazorPages.UI\App.Endpoints.RazorPages.UI.csproj", "{D9450F3C-1ADC-407D-B8A6-2F8167732752}"
EndProject
Global
	GlobalSection(SolutionConfigurationPlatforms) = preSolution
		Debug|Any CPU = Debug|Any CPU
		Release|Any CPU = Release|Any CPU
	EndGlobalSection
	GlobalSection(ProjectConfigurationPlatforms) = postSolution
		{ADEC2DD4-2AFB-4E77-9E0C-B68A00DC987D}.Debug|Any CPU.ActiveCfg = Debug|Any CPU
		{ADEC2DD4-2AFB-4E77-9E0C-B68A00DC987D}.Debug|Any CPU.Build.0 = Debug|Any CPU
		{ADEC2DD4-2AFB-4E77-9E0C-B68A00DC987D}.Release|Any CPU.ActiveCfg = Release|Any CPU
		{ADEC2DD4-2AFB-4E77-9E0C-B68A00DC987D}.Release|Any CPU.Build.0 = Release|Any CPU
		{B4D68746-CB93-4121-92FF-12C19DEE8A36}.Debug|Any CPU.ActiveCfg = Debug|Any CPU
		{B4D68746-CB93-4121-92FF-12C19DEE8A36}.Debug|Any CPU.Build.0 = Debug|Any CPU
		{B4D68746-CB93-4121-92FF-12C19DEE8A36}.Release|Any CPU.ActiveCfg = Release|Any CPU
		{B4D68746-CB93-4121-92FF-12C19DEE8A36}.Release|Any CPU.Build.0 = Release|Any CPU
		{9A0C04DF-BF41-4029-B6CF-43BD162171DF}.Debug|Any CPU.ActiveCfg = Debug|Any CPU
		{9A0C04DF-BF41-4029-B6CF-43BD162171DF}.Debug|Any CPU.Build.0 = Debug|Any CPU
		{9A0C04DF-BF41-4029-B6CF-43BD162171DF}.Release|Any CPU.ActiveCfg = Release|Any CPU
		{9A0C04DF-BF41-4029-B6CF-43BD162171DF}.Release|Any CPU.Build.0 = Release|Any CPU
		{00613CAC-790E-4BF3-8A5F-8AFD42209CEF}.Debug|Any CPU.ActiveCfg = Debug|Any CPU
		{00613CAC-790E-4BF3-8A5F-8AFD42209CEF}.Debug|Any CPU.Build.0 = Debug|Any CPU
		{00613CAC-790E-4BF3-8A5F-8AFD42209CEF}.Release|Any CPU.ActiveCfg = Release|Any CPU
		{00613CAC-790E-4BF3-8A5F-8AFD42209CEF}.Release|Any CPU.Build.0 = Release|Any CPU
		{6F9FA43C-3D56-44FB-A0FC-61D43B02E5B1}.Debug|Any CPU.ActiveCfg = Debug|Any CPU
		{6F9FA43C-3D56-44FB-A0FC-61D43B02E5B1}.Debug|Any CPU.Build.0 = Debug|Any CPU
		{6F9FA43C-3D56-44FB-A0FC-61D43B02E5B1}.Release|Any CPU.ActiveCfg = Release|Any CPU
		{6F9FA43C-3D56-44FB-A0FC-61D43B02E5B1}.Release|Any CPU.Build.0 = Release|Any CPU
		{D9450F3C-1ADC-407D-B8A6-2F8167732752}.Debug|Any CPU.ActiveCfg = Debug|Any CPU
		{D9450F3C-1ADC-407D-B8A6-2F8167732752}.Debug|Any CPU.Build.0 = Debug|Any CPU
		{D9450F3C-1ADC-407D-B8A6-2F8167732752}.Release|Any CPU.ActiveCfg = Release|Any CPU
		{D9450F3C-1ADC-407D-B8A6-2F8167732752}.Release|Any CPU.Build.0 = Release|Any CPU
	EndGlobalSection
	GlobalSection(SolutionProperties) = preSolution
		HideSolutionNode = FALSE
	EndGlobalSection
	GlobalSection(NestedProjects) = preSolution
		{C93CFD05-9226-4854-953E-0A619E22F172} = {927265B5-EB16-442A-8E33-D72E16E3FBCC}
		{7ABD6EBB-0F19-40A9-A69B-9A6B9C35B422} = {927265B5-EB16-442A-8E33-D72E16E3FBCC}
		{FC8F7595-8C42-473B-BC83-4042841400E5} = {927265B5-EB16-442A-8E33-D72E16E3FBCC}
		{D883BA4A-BC35-42A9-99BC-1D1257502AAD} = {C93CFD05-9226-4854-953E-0A619E22F172}
		{A634FA5F-AEE3-492E-BDB8-9571B2C177B1} = {C93CFD05-9226-4854-953E-0A619E22F172}
		{AFD1BF42-5C02-45B0-8E4C-667F00F002AC} = {7ABD6EBB-0F19-40A9-A69B-9A6B9C35B422}
		{C5956EBA-2E31-4253-945A-212A9F1D9545} = {7ABD6EBB-0F19-40A9-A69B-9A6B9C35B422}
		{ADEC2DD4-2AFB-4E77-9E0C-B68A00DC987D} = {D883BA4A-BC35-42A9-99BC-1D1257502AAD}
		{B4D68746-CB93-4121-92FF-12C19DEE8A36} = {A634FA5F-AEE3-492E-BDB8-9571B2C177B1}
		{9A0C04DF-BF41-4029-B6CF-43BD162171DF} = {A634FA5F-AEE3-492E-BDB8-9571B2C177B1}
		{00613CAC-790E-4BF3-8A5F-8AFD42209CEF} = {C5956EBA-2E31-4253-945A-212A9F1D9545}
		{6F9FA43C-3D56-44FB-A0FC-61D43B02E5B1} = {AFD1BF42-5C02-45B0-8E4C-667F00F002AC}
		{D9450F3C-1ADC-407D-B8A6-2F8167732752} = {FC8F7595-8C42-473B-BC83-4042841400E5}
	EndGlobalSection
	GlobalSection(ExtensibilityGlobals) = postSolution
		SolutionGuid = {4FABF24F-1843-4264-AF66-66CEA0C40F95}
	EndGlobalSection
EndGlobal
